
Microsoft Visual Studio Solution File, Format Version 12.00
Project("{FAE04EC0-301F-11D3-BF4B-00C04F79EFBC}") = "BudgetApplication.API", "BudgetApplication.API\BudgetApplication.API.csproj", "{9951D22A-7EC6-4DE5-A751-2414AEA95DCD}"
EndProject
Project("{FAE04EC0-301F-11D3-BF4B-00C04F79EFBC}") = "BudgetApplication.Shared", "BudgetApplication.Shared\BudgetApplication.Shared.csproj", "{B1B07812-346A-4186-9554-2BCC9E19E972}"
EndProject
Global
	GlobalSection(SolutionConfigurationPlatforms) = preSolution
		Debug|Any CPU = Debug|Any CPU
		Release|Any CPU = Release|Any CPU
	EndGlobalSection
	GlobalSection(ProjectConfigurationPlatforms) = postSolution
		{9951D22A-7EC6-4DE5-A751-2414AEA95DCD}.Debug|Any CPU.ActiveCfg = Debug|Any CPU
		{9951D22A-7EC6-4DE5-A751-2414AEA95DCD}.Debug|Any CPU.Build.0 = Debug|Any CPU
		{9951D22A-7EC6-4DE5-A751-2414AEA95DCD}.Release|Any CPU.ActiveCfg = Release|Any CPU
		{9951D22A-7EC6-4DE5-A751-2414AEA95DCD}.Release|Any CPU.Build.0 = Release|Any CPU
		{B1B07812-346A-4186-9554-2BCC9E19E972}.Debug|Any CPU.ActiveCfg = Debug|Any CPU
		{B1B07812-346A-4186-9554-2BCC9E19E972}.Debug|Any CPU.Build.0 = Debug|Any CPU
		{B1B07812-346A-4186-9554-2BCC9E19E972}.Release|Any CPU.ActiveCfg = Release|Any CPU
		{B1B07812-346A-4186-9554-2BCC9E19E972}.Release|Any CPU.Build.0 = Release|Any CPU
	EndGlobalSection
EndGlobal
